
Microsoft Visual Studio Solution File, Format Version 12.00
# Visual Studio 14
VisualStudioVersion = 14.0.24720.0
MinimumVisualStudioVersion = 10.0.40219.1
Project("{FAE04EC0-301F-11D3-BF4B-00C04F79EFBC}") = "StaticInterface", "StaticInterface\StaticInterface.csproj", "{B672B0F8-BA7F-4E57-AF39-A32CC7D80C01}"
EndProject
Global
	GlobalSection(SolutionConfigurationPlatforms) = preSolution
		Debug|Any CPU = Debug|Any CPU
		Release|Any CPU = Release|Any CPU
	EndGlobalSection
	GlobalSection(ProjectConfigurationPlatforms) = postSolution
		{B672B0F8-BA7F-4E57-AF39-A32CC7D80C01}.Debug|Any CPU.ActiveCfg = Debug|Any CPU
		{B672B0F8-BA7F-4E57-AF39-A32CC7D80C01}.Debug|Any CPU.Build.0 = Debug|Any CPU
		{B672B0F8-BA7F-4E57-AF39-A32CC7D80C01}.Release|Any CPU.ActiveCfg = Release|Any CPU
		{B672B0F8-BA7F-4E57-AF39-A32CC7D80C01}.Release|Any CPU.Build.0 = Release|Any CPU
	EndGlobalSection
	GlobalSection(SolutionProperties) = preSolution
		HideSolutionNode = FALSE
	EndGlobalSection
EndGlobal
